
Microsoft Visual Studio Solution File, Format Version 12.00
# Visual Studio Version 17
VisualStudioVersion = 17.2.32616.157
MinimumVisualStudioVersion = 10.0.40219.1
Project("{9A19103F-16F7-4668-BE54-9A1E7A4F7556}") = "LocationApp", "LocationApp.csproj", "{DCF8EF01-546E-49AB-8214-F6B5734D05D7}"
EndProject
Project("{9A19103F-16F7-4668-BE54-9A1E7A4F7556}") = "DataAccess", "..\DataAccess\DataAccess.csproj", "{66BCB758-ED90-45D3-98F2-4D8CC040BA19}"
EndProject
Project("{9A19103F-16F7-4668-BE54-9A1E7A4F7556}") = "UseAPI", "..\UseAPI\UseAPI.csproj", "{B289AA37-518E-4C5A-8ED1-B00FFEFE7FBA}"
EndProject
Project("{9A19103F-16F7-4668-BE54-9A1E7A4F7556}") = "winform", "..\WindowsForm\winform.csproj", "{DBC878A8-1FFD-496E-A0AB-B600E7CAA885}"
EndProject
Global
	GlobalSection(SolutionConfigurationPlatforms) = preSolution
		Debug|Any CPU = Debug|Any CPU
		Release|Any CPU = Release|Any CPU
	EndGlobalSection
	GlobalSection(ProjectConfigurationPlatforms) = postSolution
		{DCF8EF01-546E-49AB-8214-F6B5734D05D7}.Debug|Any CPU.ActiveCfg = Debug|Any CPU
		{DCF8EF01-546E-49AB-8214-F6B5734D05D7}.Debug|Any CPU.Build.0 = Debug|Any CPU
		{DCF8EF01-546E-49AB-8214-F6B5734D05D7}.Release|Any CPU.ActiveCfg = Release|Any CPU
		{DCF8EF01-546E-49AB-8214-F6B5734D05D7}.Release|Any CPU.Build.0 = Release|Any CPU
		{66BCB758-ED90-45D3-98F2-4D8CC040BA19}.Debug|Any CPU.ActiveCfg = Debug|Any CPU
		{66BCB758-ED90-45D3-98F2-4D8CC040BA19}.Debug|Any CPU.Build.0 = Debug|Any CPU
		{66BCB758-ED90-45D3-98F2-4D8CC040BA19}.Release|Any CPU.ActiveCfg = Release|Any CPU
		{66BCB758-ED90-45D3-98F2-4D8CC040BA19}.Release|Any CPU.Build.0 = Release|Any CPU
		{B289AA37-518E-4C5A-8ED1-B00FFEFE7FBA}.Debug|Any CPU.ActiveCfg = Debug|Any CPU
		{B289AA37-518E-4C5A-8ED1-B00FFEFE7FBA}.Debug|Any CPU.Build.0 = Debug|Any CPU
		{B289AA37-518E-4C5A-8ED1-B00FFEFE7FBA}.Release|Any CPU.ActiveCfg = Release|Any CPU
		{B289AA37-518E-4C5A-8ED1-B00FFEFE7FBA}.Release|Any CPU.Build.0 = Release|Any CPU
		{DBC878A8-1FFD-496E-A0AB-B600E7CAA885}.Debug|Any CPU.ActiveCfg = Debug|Any CPU
		{DBC878A8-1FFD-496E-A0AB-B600E7CAA885}.Debug|Any CPU.Build.0 = Debug|Any CPU
		{DBC878A8-1FFD-496E-A0AB-B600E7CAA885}.Release|Any CPU.ActiveCfg = Release|Any CPU
		{DBC878A8-1FFD-496E-A0AB-B600E7CAA885}.Release|Any CPU.Build.0 = Release|Any CPU
	EndGlobalSection
	GlobalSection(SolutionProperties) = preSolution
		HideSolutionNode = FALSE
	EndGlobalSection
	GlobalSection(ExtensibilityGlobals) = postSolution
		SolutionGuid = {BD4891CF-A43C-41E1-A73B-E7D539ED3287}
	EndGlobalSection
EndGlobal
